
Microsoft Visual Studio Solution File, Format Version 12.00
# Visual Studio Version 16
VisualStudioVersion = 16.0.29230.47
MinimumVisualStudioVersion = 10.0.40219.1
Project("{F184B08F-C81C-45F6-A57F-5ABD9991F28F}") = "WindowsAppStatic", "WindowsAppStatic\WindowsAppStatic.vbproj", "{CF8DCD96-9917-422C-A84E-1CD3F96557ED}"
EndProject
Global
	GlobalSection(SolutionConfigurationPlatforms) = preSolution
		Debug|Any CPU = Debug|Any CPU
		Release|Any CPU = Release|Any CPU
	EndGlobalSection
	GlobalSection(ProjectConfigurationPlatforms) = postSolution
		{CF8DCD96-9917-422C-A84E-1CD3F96557ED}.Debug|Any CPU.ActiveCfg = Debug|Any CPU
		{CF8DCD96-9917-422C-A84E-1CD3F96557ED}.Debug|Any CPU.Build.0 = Debug|Any CPU
		{CF8DCD96-9917-422C-A84E-1CD3F96557ED}.Release|Any CPU.ActiveCfg = Release|Any CPU
		{CF8DCD96-9917-422C-A84E-1CD3F96557ED}.Release|Any CPU.Build.0 = Release|Any CPU
	EndGlobalSection
	GlobalSection(SolutionProperties) = preSolution
		HideSolutionNode = FALSE
	EndGlobalSection
	GlobalSection(ExtensibilityGlobals) = postSolution
		SolutionGuid = {FD236166-04E0-4FA2-A627-1B1B72FAC8E1}
	EndGlobalSection
EndGlobal
