
Microsoft Visual Studio Solution File, Format Version 12.00
# Visual Studio Version 16
VisualStudioVersion = 16.0.31213.239
MinimumVisualStudioVersion = 10.0.40219.1
Project("{FAE04EC0-301F-11D3-BF4B-00C04F79EFBC}") = "WpfApp3", "WpfApp3\WpfApp3.csproj", "{B07B85E5-2E29-47A2-BB23-035016E374BB}"
EndProject
Global
	GlobalSection(SolutionConfigurationPlatforms) = preSolution
		Debug|Any CPU = Debug|Any CPU
		Release|Any CPU = Release|Any CPU
	EndGlobalSection
	GlobalSection(ProjectConfigurationPlatforms) = postSolution
		{B07B85E5-2E29-47A2-BB23-035016E374BB}.Debug|Any CPU.ActiveCfg = Debug|Any CPU
		{B07B85E5-2E29-47A2-BB23-035016E374BB}.Debug|Any CPU.Build.0 = Debug|Any CPU
		{B07B85E5-2E29-47A2-BB23-035016E374BB}.Release|Any CPU.ActiveCfg = Release|Any CPU
		{B07B85E5-2E29-47A2-BB23-035016E374BB}.Release|Any CPU.Build.0 = Release|Any CPU
	EndGlobalSection
	GlobalSection(SolutionProperties) = preSolution
		HideSolutionNode = FALSE
	EndGlobalSection
	GlobalSection(ExtensibilityGlobals) = postSolution
		SolutionGuid = {447E2EF5-BE5F-48CE-B920-D29FC5D207D5}
	EndGlobalSection
EndGlobal
