
Microsoft Visual Studio Solution File, Format Version 12.00
# Visual Studio Version 16
VisualStudioVersion = 16.0.29306.81
MinimumVisualStudioVersion = 10.0.40219.1
Project("{FAE04EC0-301F-11D3-BF4B-00C04F79EFBC}") = "howto_WPF_3D_triangle_normals", "howto_WPF_3D_triangle_normals.csproj", "{C559DD11-1A27-4DE6-AF8E-EEB53B32F645}"
EndProject
Global
	GlobalSection(SolutionConfigurationPlatforms) = preSolution
		Debug|Any CPU = Debug|Any CPU
		Release|Any CPU = Release|Any CPU
	EndGlobalSection
	GlobalSection(ProjectConfigurationPlatforms) = postSolution
		{C559DD11-1A27-4DE6-AF8E-EEB53B32F645}.Debug|Any CPU.ActiveCfg = Debug|Any CPU
		{C559DD11-1A27-4DE6-AF8E-EEB53B32F645}.Debug|Any CPU.Build.0 = Debug|Any CPU
		{C559DD11-1A27-4DE6-AF8E-EEB53B32F645}.Release|Any CPU.ActiveCfg = Release|Any CPU
		{C559DD11-1A27-4DE6-AF8E-EEB53B32F645}.Release|Any CPU.Build.0 = Release|Any CPU
	EndGlobalSection
	GlobalSection(SolutionProperties) = preSolution
		HideSolutionNode = FALSE
	EndGlobalSection
	GlobalSection(ExtensibilityGlobals) = postSolution
		SolutionGuid = {D3E89139-FC26-4F56-B216-651CA3CA33FE}
	EndGlobalSection
EndGlobal
