
Microsoft Visual Studio Solution File, Format Version 12.00
# Visual Studio Version 17
VisualStudioVersion = 17.2.32630.192
MinimumVisualStudioVersion = 10.0.40219.1
Project("{FAE04EC0-301F-11D3-BF4B-00C04F79EFBC}") = "WinUI2UWP", "WinUI2UWP\WinUI2UWP.csproj", "{A00130F2-31B0-4F0D-8D59-27A0D17907E3}"
EndProject
Global
	GlobalSection(SolutionConfigurationPlatforms) = preSolution
		Debug|ARM = Debug|ARM
		Debug|ARM64 = Debug|ARM64
		Debug|x64 = Debug|x64
		Debug|x86 = Debug|x86
		Release|ARM = Release|ARM
		Release|ARM64 = Release|ARM64
		Release|x64 = Release|x64
		Release|x86 = Release|x86
	EndGlobalSection
	GlobalSection(ProjectConfigurationPlatforms) = postSolution
		{A00130F2-31B0-4F0D-8D59-27A0D17907E3}.Debug|ARM.ActiveCfg = Debug|ARM
		{A00130F2-31B0-4F0D-8D59-27A0D17907E3}.Debug|ARM.Build.0 = Debug|ARM
		{A00130F2-31B0-4F0D-8D59-27A0D17907E3}.Debug|ARM.Deploy.0 = Debug|ARM
		{A00130F2-31B0-4F0D-8D59-27A0D17907E3}.Debug|ARM64.ActiveCfg = Debug|ARM64
		{A00130F2-31B0-4F0D-8D59-27A0D17907E3}.Debug|ARM64.Build.0 = Debug|ARM64
		{A00130F2-31B0-4F0D-8D59-27A0D17907E3}.Debug|ARM64.Deploy.0 = Debug|ARM64
		{A00130F2-31B0-4F0D-8D59-27A0D17907E3}.Debug|x64.ActiveCfg = Debug|x64
		{A00130F2-31B0-4F0D-8D59-27A0D17907E3}.Debug|x64.Build.0 = Debug|x64
		{A00130F2-31B0-4F0D-8D59-27A0D17907E3}.Debug|x64.Deploy.0 = Debug|x64
		{A00130F2-31B0-4F0D-8D59-27A0D17907E3}.Debug|x86.ActiveCfg = Debug|x86
		{A00130F2-31B0-4F0D-8D59-27A0D17907E3}.Debug|x86.Build.0 = Debug|x86
		{A00130F2-31B0-4F0D-8D59-27A0D17907E3}.Debug|x86.Deploy.0 = Debug|x86
		{A00130F2-31B0-4F0D-8D59-27A0D17907E3}.Release|ARM.ActiveCfg = Release|ARM
		{A00130F2-31B0-4F0D-8D59-27A0D17907E3}.Release|ARM.Build.0 = Release|ARM
		{A00130F2-31B0-4F0D-8D59-27A0D17907E3}.Release|ARM.Deploy.0 = Release|ARM
		{A00130F2-31B0-4F0D-8D59-27A0D17907E3}.Release|ARM64.ActiveCfg = Release|ARM64
		{A00130F2-31B0-4F0D-8D59-27A0D17907E3}.Release|ARM64.Build.0 = Release|ARM64
		{A00130F2-31B0-4F0D-8D59-27A0D17907E3}.Release|ARM64.Deploy.0 = Release|ARM64
		{A00130F2-31B0-4F0D-8D59-27A0D17907E3}.Release|x64.ActiveCfg = Release|x64
		{A00130F2-31B0-4F0D-8D59-27A0D17907E3}.Release|x64.Build.0 = Release|x64
		{A00130F2-31B0-4F0D-8D59-27A0D17907E3}.Release|x64.Deploy.0 = Release|x64
		{A00130F2-31B0-4F0D-8D59-27A0D17907E3}.Release|x86.ActiveCfg = Release|x86
		{A00130F2-31B0-4F0D-8D59-27A0D17907E3}.Release|x86.Build.0 = Release|x86
		{A00130F2-31B0-4F0D-8D59-27A0D17907E3}.Release|x86.Deploy.0 = Release|x86
	EndGlobalSection
	GlobalSection(SolutionProperties) = preSolution
		HideSolutionNode = FALSE
	EndGlobalSection
	GlobalSection(ExtensibilityGlobals) = postSolution
		SolutionGuid = {57ED93C8-A4C4-457E-A7C7-A79F04602064}
	EndGlobalSection
EndGlobal
