
Microsoft Visual Studio Solution File, Format Version 12.00
# Visual Studio Version 16
VisualStudioVersion = 16.0.30002.166
MinimumVisualStudioVersion = 10.0.40219.1
Project("{FAE04EC0-301F-11D3-BF4B-00C04F79EFBC}") = "NetCoreFramework", "NetCoreFramework\NetCoreFramework.csproj", "{B7531254-5CF8-465D-8919-090BF7571A72}"
EndProject
Project("{FAE04EC0-301F-11D3-BF4B-00C04F79EFBC}") = "LegacyControlLibrary", "LegacyControlLibrary\LegacyControlLibrary.csproj", "{A67D2476-514B-4070-9D08-ABC7A77DE901}"
EndProject
Global
	GlobalSection(SolutionConfigurationPlatforms) = preSolution
		Debug|Any CPU = Debug|Any CPU
		Release|Any CPU = Release|Any CPU
	EndGlobalSection
	GlobalSection(ProjectConfigurationPlatforms) = postSolution
		{B7531254-5CF8-465D-8919-090BF7571A72}.Debug|Any CPU.ActiveCfg = Debug|Any CPU
		{B7531254-5CF8-465D-8919-090BF7571A72}.Debug|Any CPU.Build.0 = Debug|Any CPU
		{B7531254-5CF8-465D-8919-090BF7571A72}.Release|Any CPU.ActiveCfg = Release|Any CPU
		{B7531254-5CF8-465D-8919-090BF7571A72}.Release|Any CPU.Build.0 = Release|Any CPU
		{A67D2476-514B-4070-9D08-ABC7A77DE901}.Debug|Any CPU.ActiveCfg = Debug|Any CPU
		{A67D2476-514B-4070-9D08-ABC7A77DE901}.Debug|Any CPU.Build.0 = Debug|Any CPU
		{A67D2476-514B-4070-9D08-ABC7A77DE901}.Release|Any CPU.ActiveCfg = Release|Any CPU
		{A67D2476-514B-4070-9D08-ABC7A77DE901}.Release|Any CPU.Build.0 = Release|Any CPU
	EndGlobalSection
	GlobalSection(SolutionProperties) = preSolution
		HideSolutionNode = FALSE
	EndGlobalSection
	GlobalSection(ExtensibilityGlobals) = postSolution
		SolutionGuid = {D5A4C79E-82BD-4F7C-9CD5-358DAE2028D8}
	EndGlobalSection
EndGlobal
