<?xml version="1.0" encoding="utf-8"?>
<Project ToolsVersion="4.0" xmlns="http://schemas.microsoft.com/developer/msbuild/2003">
  <ItemGroup>
    <ClCompile Include="main.cpp" />
    <ClCompile Include="Math\Matrix44.cpp">
      <Filter>Utilities</Filter>
    </ClCompile>
    <ClCompile Include="Math\Quaternion.cpp">
      <Filter>Utilities</Filter>
    </ClCompile>
    <ClCompile Include="Math\Transform.cpp">
      <Filter>Utilities</Filter>
    </ClCompile>
    <ClCompile Include="Math\Vector3D.cpp">
      <Filter>Utilities</Filter>
    </ClCompile>
    <ClCompile Include="Util.cpp">
      <Filter>Utilities</Filter>
    </ClCompile>
    <ClCompile Include="StringTokenizer.cpp">
      <Filter>Utilities</Filter>
    </ClCompile>
    <ClCompile Include="OBJImport.cpp">
      <Filter>Utilities</Filter>
    </ClCompile>
    <ClCompile Include="DX11Mesh.cpp">
      <Filter>Utilities</Filter>
    </ClCompile>
    <ClCompile Include="Math\Matrix33.cpp">
      <Filter>Utilities</Filter>
    </ClCompile>
    <ClCompile Include="TressFXSimulation.cpp" />
    <ClCompile Include="TressFXMesh.cpp" />
    <ClCompile Include="TressFXRender.cpp" />
    <ClCompile Include="SceneRender.cpp" />
    <ClCompile Include="TressFXAssetLoader.cpp" />
  </ItemGroup>
  <ItemGroup>
    <ClInclude Include="resource.h">
      <Filter>Resource Files</Filter>
    </ClInclude>
    <ClInclude Include="Math\Matrix44.h">
      <Filter>Utilities</Filter>
    </ClInclude>
    <ClInclude Include="Math\Quaternion.h">
      <Filter>Utilities</Filter>
    </ClInclude>
    <ClInclude Include="Math\Transform.h">
      <Filter>Utilities</Filter>
    </ClInclude>
    <ClInclude Include="Math\Vector3D.h">
      <Filter>Utilities</Filter>
    </ClInclude>
    <ClInclude Include="Util.h">
      <Filter>Utilities</Filter>
    </ClInclude>
    <ClInclude Include="StringTokenizer.h">
      <Filter>Utilities</Filter>
    </ClInclude>
    <ClInclude Include="OBJImport.h">
      <Filter>Utilities</Filter>
    </ClInclude>
    <ClInclude Include="DX11Mesh.h">
      <Filter>Utilities</Filter>
    </ClInclude>
    <ClInclude Include="Math\Matrix33.h">
      <Filter>Utilities</Filter>
    </ClInclude>
    <ClInclude Include="TressFXSimulation.h" />
    <ClInclude Include="TressFXMesh.h" />
    <ClInclude Include="TressFXRender.h" />
    <ClInclude Include="SceneRender.h" />
    <ClInclude Include="TressFXAssetLoader.h" />
  </ItemGroup>
  <ItemGroup>
    <None Include="..\AMD_SDK\Media\AMD.ico">
      <Filter>Resource Files</Filter>
    </None>
    <None Include="shaders\Source\GaussianFilter.hlsl">
      <Filter>Shaders</Filter>
    </None>
    <None Include="shaders\Source\SceneRender.hlsl">
      <Filter>Shaders</Filter>
    </None>
    <None Include="shaders\Source\TressFXRender.hlsl">
      <Filter>Shaders</Filter>
    </None>
    <None Include="shaders\Source\TressFXSimulation.hlsl">
      <Filter>Shaders</Filter>
    </None>
    <None Include="shaders\Source\TressFXInclude.hlsl">
      <Filter>Shaders</Filter>
    </None>
  </ItemGroup>
  <ItemGroup>
    <Filter Include="Resource Files">
      <UniqueIdentifier>{69be0eda-b594-48e9-9202-c7cc7f62389b}</UniqueIdentifier>
    </Filter>
    <Filter Include="Utilities">
      <UniqueIdentifier>{e9c1ec51-056b-4e21-b7fe-553b5b4d54f4}</UniqueIdentifier>
    </Filter>
    <Filter Include="Shaders">
      <UniqueIdentifier>{f4db8b88-0f3e-4d8f-a45f-abb2d6074880}</UniqueIdentifier>
    </Filter>
  </ItemGroup>
  <ItemGroup>
    <ResourceCompile Include="TressFX11.rc">
      <Filter>Resource Files</Filter>
    </ResourceCompile>
  </ItemGroup>
</Project>