
Microsoft Visual Studio Solution File, Format Version 12.00
# Visual Studio Version 17
VisualStudioVersion = 17.1.32421.90
MinimumVisualStudioVersion = 10.0.40219.1
Project("{FAE04EC0-301F-11D3-BF4B-00C04F79EFBC}") = "WpfAppBlend2", "WpfAppBlend2\WpfAppBlend2.csproj", "{EEE40796-6BCC-4EBD-8AB7-4582B234752F}"
EndProject
Global
	GlobalSection(SolutionConfigurationPlatforms) = preSolution
		Debug|Any CPU = Debug|Any CPU
		Release|Any CPU = Release|Any CPU
	EndGlobalSection
	GlobalSection(ProjectConfigurationPlatforms) = postSolution
		{EEE40796-6BCC-4EBD-8AB7-4582B234752F}.Debug|Any CPU.ActiveCfg = Debug|Any CPU
		{EEE40796-6BCC-4EBD-8AB7-4582B234752F}.Debug|Any CPU.Build.0 = Debug|Any CPU
		{EEE40796-6BCC-4EBD-8AB7-4582B234752F}.Release|Any CPU.ActiveCfg = Release|Any CPU
		{EEE40796-6BCC-4EBD-8AB7-4582B234752F}.Release|Any CPU.Build.0 = Release|Any CPU
	EndGlobalSection
	GlobalSection(SolutionProperties) = preSolution
		HideSolutionNode = FALSE
	EndGlobalSection
	GlobalSection(ExtensibilityGlobals) = postSolution
		SolutionGuid = {51747FC9-DF0A-4F6C-B9DE-9D2AD41A2409}
	EndGlobalSection
EndGlobal
