
Microsoft Visual Studio Solution File, Format Version 12.00
# Visual Studio Version 17
VisualStudioVersion = 17.2.32616.157
MinimumVisualStudioVersion = 10.0.40219.1
Project("{FAE04EC0-301F-11D3-BF4B-00C04F79EFBC}") = "SerializeNoOptions", "SerializeNoOptions\SerializeNoOptions.csproj", "{C7EC877D-676D-4A9C-845E-587B4BF3F699}"
EndProject
Global
	GlobalSection(SolutionConfigurationPlatforms) = preSolution
		Debug|Any CPU = Debug|Any CPU
		Release|Any CPU = Release|Any CPU
	EndGlobalSection
	GlobalSection(ProjectConfigurationPlatforms) = postSolution
		{C7EC877D-676D-4A9C-845E-587B4BF3F699}.Debug|Any CPU.ActiveCfg = Debug|Any CPU
		{C7EC877D-676D-4A9C-845E-587B4BF3F699}.Debug|Any CPU.Build.0 = Debug|Any CPU
		{C7EC877D-676D-4A9C-845E-587B4BF3F699}.Release|Any CPU.ActiveCfg = Release|Any CPU
		{C7EC877D-676D-4A9C-845E-587B4BF3F699}.Release|Any CPU.Build.0 = Release|Any CPU
	EndGlobalSection
	GlobalSection(SolutionProperties) = preSolution
		HideSolutionNode = FALSE
	EndGlobalSection
	GlobalSection(ExtensibilityGlobals) = postSolution
		SolutionGuid = {8F486F94-49B4-42A7-A117-B076AF8BD5C8}
	EndGlobalSection
EndGlobal
