
Microsoft Visual Studio Solution File, Format Version 12.00
# Visual Studio Version 16
VisualStudioVersion = 16.0.30002.166
MinimumVisualStudioVersion = 10.0.40219.1
Project("{FAE04EC0-301F-11D3-BF4B-00C04F79EFBC}") = "WinFormNativeSample", "WinFormNativeSample\WinFormNativeSample.csproj", "{1A922DAF-B1E1-41B4-993A-41ED02A0F9A0}"
EndProject
Global
	GlobalSection(SolutionConfigurationPlatforms) = preSolution
		Debug|Any CPU = Debug|Any CPU
		Release|Any CPU = Release|Any CPU
	EndGlobalSection
	GlobalSection(ProjectConfigurationPlatforms) = postSolution
		{1A922DAF-B1E1-41B4-993A-41ED02A0F9A0}.Debug|Any CPU.ActiveCfg = Debug|Any CPU
		{1A922DAF-B1E1-41B4-993A-41ED02A0F9A0}.Debug|Any CPU.Build.0 = Debug|Any CPU
		{1A922DAF-B1E1-41B4-993A-41ED02A0F9A0}.Release|Any CPU.ActiveCfg = Release|Any CPU
		{1A922DAF-B1E1-41B4-993A-41ED02A0F9A0}.Release|Any CPU.Build.0 = Release|Any CPU
	EndGlobalSection
	GlobalSection(SolutionProperties) = preSolution
		HideSolutionNode = FALSE
	EndGlobalSection
	GlobalSection(ExtensibilityGlobals) = postSolution
		SolutionGuid = {894441D3-67F8-4679-BF8F-A3DC639EA234}
	EndGlobalSection
EndGlobal
